
Microsoft Visual Studio Solution File, Format Version 12.00
# Visual Studio Version 17
VisualStudioVersion = 17.14.36408.4
MinimumVisualStudioVersion = 10.0.40219.1
Project("{FAE04EC0-301F-11D3-BF4B-00C04F79EFBC}") = "FXExchange.App", "FXExchange.App\FXExchange.App.csproj", "{787CCDB7-7E83-43C8-B27A-9409615B35CD}"
EndProject
Project("{FAE04EC0-301F-11D3-BF4B-00C04F79EFBC}") = "FXExchange.Domain", "FXExchange.Domain\FXExchange.Domain.csproj", "{407E5733-824D-41A8-BFF0-0C09EF291332}"
EndProject
Project("{FAE04EC0-301F-11D3-BF4B-00C04F79EFBC}") = "FXExchange.Tests", "FXExchange.Tests\FXExchange.Tests.csproj", "{0E834C54-AFF7-4637-B833-C8E8002A5090}"
EndProject
Global
	GlobalSection(SolutionConfigurationPlatforms) = preSolution
		Debug|Any CPU = Debug|Any CPU
		Release|Any CPU = Release|Any CPU
	EndGlobalSection
	GlobalSection(ProjectConfigurationPlatforms) = postSolution
		{787CCDB7-7E83-43C8-B27A-9409615B35CD}.Debug|Any CPU.ActiveCfg = Debug|Any CPU
		{787CCDB7-7E83-43C8-B27A-9409615B35CD}.Debug|Any CPU.Build.0 = Debug|Any CPU
		{787CCDB7-7E83-43C8-B27A-9409615B35CD}.Release|Any CPU.ActiveCfg = Release|Any CPU
		{787CCDB7-7E83-43C8-B27A-9409615B35CD}.Release|Any CPU.Build.0 = Release|Any CPU
		{407E5733-824D-41A8-BFF0-0C09EF291332}.Debug|Any CPU.ActiveCfg = Debug|Any CPU
		{407E5733-824D-41A8-BFF0-0C09EF291332}.Debug|Any CPU.Build.0 = Debug|Any CPU
		{407E5733-824D-41A8-BFF0-0C09EF291332}.Release|Any CPU.ActiveCfg = Release|Any CPU
		{407E5733-824D-41A8-BFF0-0C09EF291332}.Release|Any CPU.Build.0 = Release|Any CPU
		{0E834C54-AFF7-4637-B833-C8E8002A5090}.Debug|Any CPU.ActiveCfg = Debug|Any CPU
		{0E834C54-AFF7-4637-B833-C8E8002A5090}.Debug|Any CPU.Build.0 = Debug|Any CPU
		{0E834C54-AFF7-4637-B833-C8E8002A5090}.Release|Any CPU.ActiveCfg = Release|Any CPU
		{0E834C54-AFF7-4637-B833-C8E8002A5090}.Release|Any CPU.Build.0 = Release|Any CPU
	EndGlobalSection
	GlobalSection(SolutionProperties) = preSolution
		HideSolutionNode = FALSE
	EndGlobalSection
	GlobalSection(ExtensibilityGlobals) = postSolution
		SolutionGuid = {5FBB6D2A-1D81-469F-92FE-3B92315F7E2E}
	EndGlobalSection
EndGlobal
